
Microsoft Visual Studio Solution File, Format Version 12.00
# Visual Studio Version 16
VisualStudioVersion = 16.0.29318.209
MinimumVisualStudioVersion = 10.0.40219.1
Project("{FAE04EC0-301F-11D3-BF4B-00C04F79EFBC}") = "Replying-proxy-server", "Replying-proxy-server.csproj", "{00EE8EF1-88AC-4907-BE92-981437F075D4}"
EndProject
Global
	GlobalSection(SolutionConfigurationPlatforms) = preSolution
		Debug|Any CPU = Debug|Any CPU
		Release|Any CPU = Release|Any CPU
	EndGlobalSection
	GlobalSection(ProjectConfigurationPlatforms) = postSolution
		{00EE8EF1-88AC-4907-BE92-981437F075D4}.Debug|Any CPU.ActiveCfg = Debug|Any CPU
		{00EE8EF1-88AC-4907-BE92-981437F075D4}.Debug|Any CPU.Build.0 = Debug|Any CPU
		{00EE8EF1-88AC-4907-BE92-981437F075D4}.Release|Any CPU.ActiveCfg = Release|Any CPU
		{00EE8EF1-88AC-4907-BE92-981437F075D4}.Release|Any CPU.Build.0 = Release|Any CPU
	EndGlobalSection
	GlobalSection(SolutionProperties) = preSolution
		HideSolutionNode = FALSE
	EndGlobalSection
	GlobalSection(ExtensibilityGlobals) = postSolution
		SolutionGuid = {CE4D0DB5-B60B-412D-9C2F-A3C3D10C36DC}
	EndGlobalSection
EndGlobal
